{
  "name": "HelloMate",
  "version": "1.0.0",
  "lockfileVersion": 3,
  "requires": true,
  "author": "",
  "description": "A React Native app",
  "license": "ISC",
  "main": "index.js",
  "packages": {},
  "devDependencies": {
    "@babel/preset-env": "^7.16.0",
    "@babel/preset-react": "^7.16.0"
  },
  "scripts": {
    "android": "react-native run-android",
    "ios": "react-native run-ios",
    "start": "react-native start"
  }
}
